{
  "name": "chpt02",
  "version": "1.0.0",
  "lockfileVersion": 3,
  "requires": true,
  "packages": {
    "": {
      "name": "chpt02",
      "version": "1.0.0",
      "license": "ISC",
      "devDependencies": {
        "@eslint/js": "^9.9.0"
      }
    },
    "node_modules/@eslint/js": {
      "version": "9.9.0",
      "resolved": "https://registry.npmjs.org/@eslint/js/-/js-9.9.0.tgz",
      "integrity": "sha512-hhetes6ZHP3BlXLxmd8K2SNgkhNSi+UcecbnwWKwpP7kyi/uC75DJ1lOOBO3xrC4jyojtGE3YxKZPHfk4yrgug==",
      "dev": true,
      "license": "MIT",
      "engines": {
        "node": "^18.18.0 || ^20.9.0 || >=21.1.0"
      }
    }
  }
}
